
Microsoft Visual Studio Solution File, Format Version 12.00
# Visual Studio Version 17
VisualStudioVersion = 17.7.34024.191
MinimumVisualStudioVersion = 10.0.40219.1
Project("{9A19103F-16F7-4668-BE54-9A1E7A4F7556}") = "WinFormsApp1", "WinFormsApp1\WinFormsApp1.csproj", "{F470F7D0-E198-4206-8D8C-8402DC9E3434}"
EndProject
Global
	GlobalSection(SolutionConfigurationPlatforms) = preSolution
		Debug|Any CPU = Debug|Any CPU
		Release|Any CPU = Release|Any CPU
		ReleaseAutoBinding|Any CPU = ReleaseAutoBinding|Any CPU
	EndGlobalSection
	GlobalSection(ProjectConfigurationPlatforms) = postSolution
		{F470F7D0-E198-4206-8D8C-8402DC9E3434}.Debug|Any CPU.ActiveCfg = Debug|Any CPU
		{F470F7D0-E198-4206-8D8C-8402DC9E3434}.Debug|Any CPU.Build.0 = Debug|Any CPU
		{F470F7D0-E198-4206-8D8C-8402DC9E3434}.Release|Any CPU.ActiveCfg = Release|Any CPU
		{F470F7D0-E198-4206-8D8C-8402DC9E3434}.Release|Any CPU.Build.0 = Release|Any CPU
		{F470F7D0-E198-4206-8D8C-8402DC9E3434}.ReleaseAutoBinding|Any CPU.ActiveCfg = ReleaseAutoBinding|Any CPU
		{F470F7D0-E198-4206-8D8C-8402DC9E3434}.ReleaseAutoBinding|Any CPU.Build.0 = ReleaseAutoBinding|Any CPU
	EndGlobalSection
	GlobalSection(SolutionProperties) = preSolution
		HideSolutionNode = FALSE
	EndGlobalSection
	GlobalSection(ExtensibilityGlobals) = postSolution
		SolutionGuid = {6E6904F9-EA4E-4334-B17A-694B189ACFA3}
	EndGlobalSection
EndGlobal
